// !$*UTF8*$!
{
	archiveVersion = 1;
	classes = {
	};
	objectVersion = 50;
	objects = {

/* Begin PBXBuildFile section */
		EF155885240E95680020B487 /* ActivityIndicator.swift in Sources */ = {isa = PBXBuildFile; fileRef = EF155884240E95680020B487 /* ActivityIndicator.swift */; };
		EF15588B240F01480020B487 /* LazyView.swift in Sources */ = {isa = PBXBuildFile; fileRef = EF15588A240F01480020B487 /* LazyView.swift */; };
		EF1945EB240804A700D76CE7 /* Template.swift in Sources */ = {isa = PBXBuildFile; fileRef = EF1945EA240804A700D76CE7 /* Template.swift */; };
		EF1945ED2408159D00D76CE7 /* NewTemplateView.swift in Sources */ = {isa = PBXBuildFile; fileRef = EF1945EC2408159D00D76CE7 /* NewTemplateView.swift */; };
		EF1945EF24082F1600D76CE7 /* BackButton.swift in Sources */ = {isa = PBXBuildFile; fileRef = EF1945EE24082F1600D76CE7 /* BackButton.swift */; };
		EF1C82D8241FD2880098F5CB /* .gitignore in Resources */ = {isa = PBXBuildFile; fileRef = EF1C82D7241FD2880098F5CB /* .gitignore */; };
		EF4223BC2406750600FF510E /* SelectRegionView.swift in Sources */ = {isa = PBXBuildFile; fileRef = EF4223BB2406750600FF510E /* SelectRegionView.swift */; };
		EF4223BF2406792700FF510E /* BottomSheetView.swift in Sources */ = {isa = PBXBuildFile; fileRef = EF4223BE2406792700FF510E /* BottomSheetView.swift */; };
		EF4223C22406797600FF510E /* Colors.swift in Sources */ = {isa = PBXBuildFile; fileRef = EF4223C12406797600FF510E /* Colors.swift */; };
		EF4223C4240685CE00FF510E /* ImageRegion.swift in Sources */ = {isa = PBXBuildFile; fileRef = EF4223C3240685CE00FF510E /* ImageRegion.swift */; };
		EF4223C92406A7F500FF510E /* NewAttributView.swift in Sources */ = {isa = PBXBuildFile; fileRef = EF4223C82406A7F500FF510E /* NewAttributView.swift */; };
		EF44754724090C64005A0ADB /* .swiftlint.yml in Resources */ = {isa = PBXBuildFile; fileRef = EF44754624090C64005A0ADB /* .swiftlint.yml */; };
		EF4C5B772407E4210047D94B /* DismissKeyboard.swift in Sources */ = {isa = PBXBuildFile; fileRef = EF4C5B762407E4210047D94B /* DismissKeyboard.swift */; };
		EF61DB75240D70BB0083E0B7 /* PageResult.swift in Sources */ = {isa = PBXBuildFile; fileRef = EF61DB74240D70BB0083E0B7 /* PageResult.swift */; };
		EF62965C241E753B00030997 /* AppStore.swift in Sources */ = {isa = PBXBuildFile; fileRef = EF62965B241E753B00030997 /* AppStore.swift */; };
		EF629661241E805D00030997 /* TemplateService.swift in Sources */ = {isa = PBXBuildFile; fileRef = EF629660241E805D00030997 /* TemplateService.swift */; };
		EF629663241E812400030997 /* Store.swift in Sources */ = {isa = PBXBuildFile; fileRef = EF629662241E812400030997 /* Store.swift */; };
		EF78DA2D240932F000FBB1EA /* TemplateDetailView.swift in Sources */ = {isa = PBXBuildFile; fileRef = EF78DA2C240932F000FBB1EA /* TemplateDetailView.swift */; };
		EF8E6D8D241100DB00ABDC19 /* Page.swift in Sources */ = {isa = PBXBuildFile; fileRef = EF8E6D8C241100DB00ABDC19 /* Page.swift */; };
		EF8E6D8F2411101C00ABDC19 /* PageSelectView.swift in Sources */ = {isa = PBXBuildFile; fileRef = EF8E6D8E2411101C00ABDC19 /* PageSelectView.swift */; };
		EFA42DF42413A9A500A57A1E /* TextRegionRecognizer.swift in Sources */ = {isa = PBXBuildFile; fileRef = EFA42DF32413A9A500A57A1E /* TextRegionRecognizer.swift */; };
		EFE31F4C2403E3EE008015F3 /* AppDelegate.swift in Sources */ = {isa = PBXBuildFile; fileRef = EFE31F4B2403E3EE008015F3 /* AppDelegate.swift */; };
		EFE31F4E2403E3EE008015F3 /* SceneDelegate.swift in Sources */ = {isa = PBXBuildFile; fileRef = EFE31F4D2403E3EE008015F3 /* SceneDelegate.swift */; };
		EFE31F502403E3EE008015F3 /* ContentView.swift in Sources */ = {isa = PBXBuildFile; fileRef = EFE31F4F2403E3EE008015F3 /* ContentView.swift */; };
		EFE31F522403E3F4008015F3 /* Assets.xcassets in Resources */ = {isa = PBXBuildFile; fileRef = EFE31F512403E3F4008015F3 /* Assets.xcassets */; };
		EFE31F552403E3F4008015F3 /* Preview Assets.xcassets in Resources */ = {isa = PBXBuildFile; fileRef = EFE31F542403E3F4008015F3 /* Preview Assets.xcassets */; };
		EFE31F582403E3F4008015F3 /* LaunchScreen.storyboard in Resources */ = {isa = PBXBuildFile; fileRef = EFE31F562403E3F4008015F3 /* LaunchScreen.storyboard */; };
		EFE31F632403E4BD008015F3 /* TemplatesView.swift in Sources */ = {isa = PBXBuildFile; fileRef = EFE31F622403E4BD008015F3 /* TemplatesView.swift */; };
		EFE31F652403E6A3008015F3 /* ScannerView.swift in Sources */ = {isa = PBXBuildFile; fileRef = EFE31F642403E6A3008015F3 /* ScannerView.swift */; };
		EFE31F682403E9E5008015F3 /* TextRecognizer.swift in Sources */ = {isa = PBXBuildFile; fileRef = EFE31F672403E9E5008015F3 /* TextRecognizer.swift */; };
		EFE31F6B2403F2E7008015F3 /* OCRScannerView.swift in Sources */ = {isa = PBXBuildFile; fileRef = EFE31F6A2403F2E7008015F3 /* OCRScannerView.swift */; };
		EFE31F6D2403F340008015F3 /* OCRView.swift in Sources */ = {isa = PBXBuildFile; fileRef = EFE31F6C2403F340008015F3 /* OCRView.swift */; };
		EFE31F6F24041049008015F3 /* CreateTemplateView.swift in Sources */ = {isa = PBXBuildFile; fileRef = EFE31F6E24041049008015F3 /* CreateTemplateView.swift */; };
/* End PBXBuildFile section */

/* Begin PBXFileReference section */
		EF155884240E95680020B487 /* ActivityIndicator.swift */ = {isa = PBXFileReference; lastKnownFileType = sourcecode.swift; path = ActivityIndicator.swift; sourceTree = "<group>"; };
		EF15588A240F01480020B487 /* LazyView.swift */ = {isa = PBXFileReference; lastKnownFileType = sourcecode.swift; path = LazyView.swift; sourceTree = "<group>"; };
		EF1945EA240804A700D76CE7 /* Template.swift */ = {isa = PBXFileReference; lastKnownFileType = sourcecode.swift; path = Template.swift; sourceTree = "<group>"; };
		EF1945EC2408159D00D76CE7 /* NewTemplateView.swift */ = {isa = PBXFileReference; lastKnownFileType = sourcecode.swift; path = NewTemplateView.swift; sourceTree = "<group>"; };
		EF1945EE24082F1600D76CE7 /* BackButton.swift */ = {isa = PBXFileReference; lastKnownFileType = sourcecode.swift; path = BackButton.swift; sourceTree = "<group>"; };
		EF1C82D7241FD2880098F5CB /* .gitignore */ = {isa = PBXFileReference; lastKnownFileType = text; path = .gitignore; sourceTree = "<group>"; };
		EF4223BB2406750600FF510E /* SelectRegionView.swift */ = {isa = PBXFileReference; lastKnownFileType = sourcecode.swift; path = SelectRegionView.swift; sourceTree = "<group>"; };
		EF4223BE2406792700FF510E /* BottomSheetView.swift */ = {isa = PBXFileReference; lastKnownFileType = sourcecode.swift; path = BottomSheetView.swift; sourceTree = "<group>"; };
		EF4223C12406797600FF510E /* Colors.swift */ = {isa = PBXFileReference; lastKnownFileType = sourcecode.swift; path = Colors.swift; sourceTree = "<group>"; };
		EF4223C3240685CE00FF510E /* ImageRegion.swift */ = {isa = PBXFileReference; lastKnownFileType = sourcecode.swift; path = ImageRegion.swift; sourceTree = "<group>"; };
		EF4223C82406A7F500FF510E /* NewAttributView.swift */ = {isa = PBXFileReference; lastKnownFileType = sourcecode.swift; path = NewAttributView.swift; sourceTree = "<group>"; };
		EF44754524090C22005A0ADB /* README.md */ = {isa = PBXFileReference; lastKnownFileType = net.daringfireball.markdown; path = README.md; sourceTree = SOURCE_ROOT; };
		EF44754624090C64005A0ADB /* .swiftlint.yml */ = {isa = PBXFileReference; lastKnownFileType = text.yaml; path = .swiftlint.yml; sourceTree = "<group>"; };
		EF4C5B762407E4210047D94B /* DismissKeyboard.swift */ = {isa = PBXFileReference; lastKnownFileType = sourcecode.swift; path = DismissKeyboard.swift; sourceTree = "<group>"; };
		EF61DB74240D70BB0083E0B7 /* PageResult.swift */ = {isa = PBXFileReference; lastKnownFileType = sourcecode.swift; path = PageResult.swift; sourceTree = "<group>"; };
		EF62965B241E753B00030997 /* AppStore.swift */ = {isa = PBXFileReference; lastKnownFileType = sourcecode.swift; path = AppStore.swift; sourceTree = "<group>"; };
		EF629660241E805D00030997 /* TemplateService.swift */ = {isa = PBXFileReference; lastKnownFileType = sourcecode.swift; path = TemplateService.swift; sourceTree = "<group>"; };
		EF629662241E812400030997 /* Store.swift */ = {isa = PBXFileReference; lastKnownFileType = sourcecode.swift; path = Store.swift; sourceTree = "<group>"; };
		EF78DA2C240932F000FBB1EA /* TemplateDetailView.swift */ = {isa = PBXFileReference; lastKnownFileType = sourcecode.swift; path = TemplateDetailView.swift; sourceTree = "<group>"; };
		EF88C7F924103597008C4497 /* de */ = {isa = PBXFileReference; lastKnownFileType = text.plist.strings; name = de; path = de.lproj/LaunchScreen.strings; sourceTree = "<group>"; };
		EF8E6D8C241100DB00ABDC19 /* Page.swift */ = {isa = PBXFileReference; lastKnownFileType = sourcecode.swift; path = Page.swift; sourceTree = "<group>"; };
		EF8E6D8E2411101C00ABDC19 /* PageSelectView.swift */ = {isa = PBXFileReference; lastKnownFileType = sourcecode.swift; path = PageSelectView.swift; sourceTree = "<group>"; };
		EFA42DF32413A9A500A57A1E /* TextRegionRecognizer.swift */ = {isa = PBXFileReference; lastKnownFileType = sourcecode.swift; path = TextRegionRecognizer.swift; sourceTree = "<group>"; };
		EFE31F482403E3EE008015F3 /* DocumentenScanner.app */ = {isa = PBXFileReference; explicitFileType = wrapper.application; includeInIndex = 0; path = DocumentenScanner.app; sourceTree = BUILT_PRODUCTS_DIR; };
		EFE31F4B2403E3EE008015F3 /* AppDelegate.swift */ = {isa = PBXFileReference; lastKnownFileType = sourcecode.swift; path = AppDelegate.swift; sourceTree = "<group>"; };
		EFE31F4D2403E3EE008015F3 /* SceneDelegate.swift */ = {isa = PBXFileReference; lastKnownFileType = sourcecode.swift; path = SceneDelegate.swift; sourceTree = "<group>"; };
		EFE31F4F2403E3EE008015F3 /* ContentView.swift */ = {isa = PBXFileReference; lastKnownFileType = sourcecode.swift; path = ContentView.swift; sourceTree = "<group>"; };
		EFE31F512403E3F4008015F3 /* Assets.xcassets */ = {isa = PBXFileReference; lastKnownFileType = folder.assetcatalog; path = Assets.xcassets; sourceTree = "<group>"; };
		EFE31F542403E3F4008015F3 /* Preview Assets.xcassets */ = {isa = PBXFileReference; lastKnownFileType = folder.assetcatalog; path = "Preview Assets.xcassets"; sourceTree = "<group>"; };
		EFE31F572403E3F4008015F3 /* Base */ = {isa = PBXFileReference; lastKnownFileType = file.storyboard; name = Base; path = Base.lproj/LaunchScreen.storyboard; sourceTree = "<group>"; };
		EFE31F592403E3F4008015F3 /* Info.plist */ = {isa = PBXFileReference; lastKnownFileType = text.plist.xml; path = Info.plist; sourceTree = "<group>"; };
		EFE31F622403E4BD008015F3 /* TemplatesView.swift */ = {isa = PBXFileReference; lastKnownFileType = sourcecode.swift; path = TemplatesView.swift; sourceTree = "<group>"; };
		EFE31F642403E6A3008015F3 /* ScannerView.swift */ = {isa = PBXFileReference; lastKnownFileType = sourcecode.swift; path = ScannerView.swift; sourceTree = "<group>"; };
		EFE31F672403E9E5008015F3 /* TextRecognizer.swift */ = {isa = PBXFileReference; lastKnownFileType = sourcecode.swift; path = TextRecognizer.swift; sourceTree = "<group>"; };
		EFE31F6A2403F2E7008015F3 /* OCRScannerView.swift */ = {isa = PBXFileReference; lastKnownFileType = sourcecode.swift; path = OCRScannerView.swift; sourceTree = "<group>"; };
		EFE31F6C2403F340008015F3 /* OCRView.swift */ = {isa = PBXFileReference; lastKnownFileType = sourcecode.swift; path = OCRView.swift; sourceTree = "<group>"; };
		EFE31F6E24041049008015F3 /* CreateTemplateView.swift */ = {isa = PBXFileReference; lastKnownFileType = sourcecode.swift; path = CreateTemplateView.swift; sourceTree = "<group>"; };
/* End PBXFileReference section */

/* Begin PBXFrameworksBuildPhase section */
		EFE31F452403E3EE008015F3 /* Frameworks */ = {
			isa = PBXFrameworksBuildPhase;
			buildActionMask = 2147483647;
			files = (
			);
			runOnlyForDeploymentPostprocessing = 0;
		};
/* End PBXFrameworksBuildPhase section */

/* Begin PBXGroup section */
		EF4223BD2406790E00FF510E /* Components */ = {
			isa = PBXGroup;
			children = (
				EF4223BE2406792700FF510E /* BottomSheetView.swift */,
				EF1945EE24082F1600D76CE7 /* BackButton.swift */,
				EF155884240E95680020B487 /* ActivityIndicator.swift */,
				EFE31F642403E6A3008015F3 /* ScannerView.swift */,
			);
			path = Components;
			sourceTree = "<group>";
		};
		EF4223C02406795D00FF510E /* Extensions */ = {
			isa = PBXGroup;
			children = (
				EF4223C12406797600FF510E /* Colors.swift */,
				EF4C5B762407E4210047D94B /* DismissKeyboard.swift */,
				EF15588A240F01480020B487 /* LazyView.swift */,
			);
			path = Extensions;
			sourceTree = "<group>";
		};
		EF62965A241E752400030997 /* Store */ = {
			isa = PBXGroup;
			children = (
				EF629662241E812400030997 /* Store.swift */,
				EF62965B241E753B00030997 /* AppStore.swift */,
				EF62965F241E804500030997 /* Services */,
			);
			path = Store;
			sourceTree = "<group>";
		};
		EF62965F241E804500030997 /* Services */ = {
			isa = PBXGroup;
			children = (
				EF629660241E805D00030997 /* TemplateService.swift */,
			);
			path = Services;
			sourceTree = "<group>";
		};
		EF78DA2B240932B400FBB1EA /* TemplateDetail */ = {
			isa = PBXGroup;
			children = (
				EF78DA2C240932F000FBB1EA /* TemplateDetailView.swift */,
			);
			path = TemplateDetail;
			sourceTree = "<group>";
		};
		EFC8928D241FD8F5006ABDA2 /* Start */ = {
			isa = PBXGroup;
			children = (
				EFE31F4B2403E3EE008015F3 /* AppDelegate.swift */,
				EFE31F4D2403E3EE008015F3 /* SceneDelegate.swift */,
				EFE31F4F2403E3EE008015F3 /* ContentView.swift */,
			);
			path = Start;
			sourceTree = "<group>";
		};
		EFC8928E241FD9BF006ABDA2 /* Views */ = {
			isa = PBXGroup;
			children = (
				EFE31F5F2403E430008015F3 /* Templates */,
				EF78DA2B240932B400FBB1EA /* TemplateDetail */,
				EFE31F692403F2C1008015F3 /* Scanner */,
				EF4223BD2406790E00FF510E /* Components */,
			);
			path = Views;
			sourceTree = "<group>";
		};
		EFE31F3F2403E3ED008015F3 = {
			isa = PBXGroup;
			children = (
				EF1C82D7241FD2880098F5CB /* .gitignore */,
				EF44754624090C64005A0ADB /* .swiftlint.yml */,
				EFE31F4A2403E3EE008015F3 /* DocumentenScanner */,
				EFE31F492403E3EE008015F3 /* Products */,
			);
			sourceTree = "<group>";
		};
		EFE31F492403E3EE008015F3 /* Products */ = {
			isa = PBXGroup;
			children = (
				EFE31F482403E3EE008015F3 /* DocumentenScanner.app */,
			);
			name = Products;
			sourceTree = "<group>";
		};
		EFE31F4A2403E3EE008015F3 /* DocumentenScanner */ = {
			isa = PBXGroup;
			children = (
				EFC8928D241FD8F5006ABDA2 /* Start */,
				EFC8928E241FD9BF006ABDA2 /* Views */,
				EF62965A241E752400030997 /* Store */,
				EF4223C02406795D00FF510E /* Extensions */,
				EFE31F662403E9AB008015F3 /* Classes */,
				EFE31F512403E3F4008015F3 /* Assets.xcassets */,
				EFE31F562403E3F4008015F3 /* LaunchScreen.storyboard */,
				EFE31F592403E3F4008015F3 /* Info.plist */,
				EFE31F532403E3F4008015F3 /* Preview Content */,
				EF44754524090C22005A0ADB /* README.md */,
			);
			path = DocumentenScanner;
			sourceTree = "<group>";
		};
		EFE31F532403E3F4008015F3 /* Preview Content */ = {
			isa = PBXGroup;
			children = (
				EFE31F542403E3F4008015F3 /* Preview Assets.xcassets */,
			);
			path = "Preview Content";
			sourceTree = "<group>";
		};
		EFE31F5F2403E430008015F3 /* Templates */ = {
			isa = PBXGroup;
			children = (
				EFE31F622403E4BD008015F3 /* TemplatesView.swift */,
				EF1945EC2408159D00D76CE7 /* NewTemplateView.swift */,
				EF8E6D8E2411101C00ABDC19 /* PageSelectView.swift */,
				EFE31F6E24041049008015F3 /* CreateTemplateView.swift */,
				EF4223C82406A7F500FF510E /* NewAttributView.swift */,
				EF4223BB2406750600FF510E /* SelectRegionView.swift */,
			);
			path = Templates;
			sourceTree = "<group>";
		};
		EFE31F662403E9AB008015F3 /* Classes */ = {
			isa = PBXGroup;
			children = (
				EFE31F672403E9E5008015F3 /* TextRecognizer.swift */,
				EF1945EA240804A700D76CE7 /* Template.swift */,
				EF8E6D8C241100DB00ABDC19 /* Page.swift */,
				EF4223C3240685CE00FF510E /* ImageRegion.swift */,
				EF61DB74240D70BB0083E0B7 /* PageResult.swift */,
				EFA42DF32413A9A500A57A1E /* TextRegionRecognizer.swift */,
			);
			path = Classes;
			sourceTree = "<group>";
		};
		EFE31F692403F2C1008015F3 /* Scanner */ = {
			isa = PBXGroup;
			children = (
				EFE31F6C2403F340008015F3 /* OCRView.swift */,
				EFE31F6A2403F2E7008015F3 /* OCRScannerView.swift */,
			);
			path = Scanner;
			sourceTree = "<group>";
		};
/* End PBXGroup section */

/* Begin PBXNativeTarget section */
		EFE31F472403E3EE008015F3 /* DocumentenScanner */ = {
			isa = PBXNativeTarget;
			buildConfigurationList = EFE31F5C2403E3F4008015F3 /* Build configuration list for PBXNativeTarget "DocumentenScanner" */;
			buildPhases = (
				EFE31F442403E3EE008015F3 /* Sources */,
				EFE31F452403E3EE008015F3 /* Frameworks */,
				EFE31F462403E3EE008015F3 /* Resources */,
				EF44754424090A9E005A0ADB /* SwiftLint */,
			);
			buildRules = (
			);
			dependencies = (
			);
			name = DocumentenScanner;
			productName = DocumentenScanner;
			productReference = EFE31F482403E3EE008015F3 /* DocumentenScanner.app */;
			productType = "com.apple.product-type.application";
		};
/* End PBXNativeTarget section */

/* Begin PBXProject section */
		EFE31F402403E3ED008015F3 /* Project object */ = {
			isa = PBXProject;
			attributes = {
				LastSwiftUpdateCheck = 1130;
				LastUpgradeCheck = 1130;
				ORGANIZATIONNAME = "Hannes Steiner";
				TargetAttributes = {
					EFE31F472403E3EE008015F3 = {
						CreatedOnToolsVersion = 11.3.1;
					};
				};
			};
			buildConfigurationList = EFE31F432403E3ED008015F3 /* Build configuration list for PBXProject "DocumentenScanner" */;
			compatibilityVersion = "Xcode 9.3";
			developmentRegion = en;
			hasScannedForEncodings = 0;
			knownRegions = (
				en,
				Base,
				de,
			);
			mainGroup = EFE31F3F2403E3ED008015F3;
			productRefGroup = EFE31F492403E3EE008015F3 /* Products */;
			projectDirPath = "";
			projectRoot = "";
			targets = (
				EFE31F472403E3EE008015F3 /* DocumentenScanner */,
			);
		};
/* End PBXProject section */

/* Begin PBXResourcesBuildPhase section */
		EFE31F462403E3EE008015F3 /* Resources */ = {
			isa = PBXResourcesBuildPhase;
			buildActionMask = 2147483647;
			files = (
				EF1C82D8241FD2880098F5CB /* .gitignore in Resources */,
				EF44754724090C64005A0ADB /* .swiftlint.yml in Resources */,
				EFE31F582403E3F4008015F3 /* LaunchScreen.storyboard in Resources */,
				EFE31F552403E3F4008015F3 /* Preview Assets.xcassets in Resources */,
				EFE31F522403E3F4008015F3 /* Assets.xcassets in Resources */,
			);
			runOnlyForDeploymentPostprocessing = 0;
		};
/* End PBXResourcesBuildPhase section */

/* Begin PBXShellScriptBuildPhase section */
		EF44754424090A9E005A0ADB /* SwiftLint */ = {
			isa = PBXShellScriptBuildPhase;
			buildActionMask = 2147483647;
			files = (
			);
			inputFileListPaths = (
			);
			inputPaths = (
			);
			name = SwiftLint;
			outputFileListPaths = (
			);
			outputPaths = (
			);
			runOnlyForDeploymentPostprocessing = 0;
			shellPath = /bin/sh;
			shellScript = "if which swiftlint >/dev/null; then\n  swiftlint\nelse\n  echo \"warning: SwiftLint not installed, download from https://github.com/realm/SwiftLint\"\nfi\n";
		};
/* End PBXShellScriptBuildPhase section */

/* Begin PBXSourcesBuildPhase section */
		EFE31F442403E3EE008015F3 /* Sources */ = {
			isa = PBXSourcesBuildPhase;
			buildActionMask = 2147483647;
			files = (
				EF1945EF24082F1600D76CE7 /* BackButton.swift in Sources */,
				EF4223C4240685CE00FF510E /* ImageRegion.swift in Sources */,
				EF8E6D8D241100DB00ABDC19 /* Page.swift in Sources */,
				EF15588B240F01480020B487 /* LazyView.swift in Sources */,
				EF8E6D8F2411101C00ABDC19 /* PageSelectView.swift in Sources */,
				EF1945ED2408159D00D76CE7 /* NewTemplateView.swift in Sources */,
				EF62965C241E753B00030997 /* AppStore.swift in Sources */,
				EFE31F632403E4BD008015F3 /* TemplatesView.swift in Sources */,
				EF629661241E805D00030997 /* TemplateService.swift in Sources */,
				EF4223C22406797600FF510E /* Colors.swift in Sources */,
				EFE31F6F24041049008015F3 /* CreateTemplateView.swift in Sources */,
				EF61DB75240D70BB0083E0B7 /* PageResult.swift in Sources */,
				EF4223BC2406750600FF510E /* SelectRegionView.swift in Sources */,
				EFE31F652403E6A3008015F3 /* ScannerView.swift in Sources */,
				EFE31F4C2403E3EE008015F3 /* AppDelegate.swift in Sources */,
				EF78DA2D240932F000FBB1EA /* TemplateDetailView.swift in Sources */,
				EFE31F4E2403E3EE008015F3 /* SceneDelegate.swift in Sources */,
				EF155885240E95680020B487 /* ActivityIndicator.swift in Sources */,
				EF1945EB240804A700D76CE7 /* Template.swift in Sources */,
				EFE31F682403E9E5008015F3 /* TextRecognizer.swift in Sources */,
				EFA42DF42413A9A500A57A1E /* TextRegionRecognizer.swift in Sources */,
				EF4C5B772407E4210047D94B /* DismissKeyboard.swift in Sources */,
				EFE31F6B2403F2E7008015F3 /* OCRScannerView.swift in Sources */,
				EF4223BF2406792700FF510E /* BottomSheetView.swift in Sources */,
				EFE31F502403E3EE008015F3 /* ContentView.swift in Sources */,
				EF629663241E812400030997 /* Store.swift in Sources */,
				EFE31F6D2403F340008015F3 /* OCRView.swift in Sources */,
				EF4223C92406A7F500FF510E /* NewAttributView.swift in Sources */,
			);
			runOnlyForDeploymentPostprocessing = 0;
		};
/* End PBXSourcesBuildPhase section */

/* Begin PBXVariantGroup section */
		EFE31F562403E3F4008015F3 /* LaunchScreen.storyboard */ = {
			isa = PBXVariantGroup;
			children = (
				EFE31F572403E3F4008015F3 /* Base */,
				EF88C7F924103597008C4497 /* de */,
			);
			name = LaunchScreen.storyboard;
			sourceTree = "<group>";
		};
/* End PBXVariantGroup section */

/* Begin XCBuildConfiguration section */
		EFE31F5A2403E3F4008015F3 /* Debug */ = {
			isa = XCBuildConfiguration;
			buildSettings = {
				ALWAYS_SEARCH_USER_PATHS = NO;
				CLANG_ANALYZER_LOCALIZABILITY_NONLOCALIZED = YES;
				CLANG_ANALYZER_NONNULL = YES;
				CLANG_ANALYZER_NUMBER_OBJECT_CONVERSION = YES_AGGRESSIVE;
				CLANG_CXX_LANGUAGE_STANDARD = "gnu++14";
				CLANG_CXX_LIBRARY = "libc++";
				CLANG_ENABLE_MODULES = YES;
				CLANG_ENABLE_OBJC_ARC = YES;
				CLANG_ENABLE_OBJC_WEAK = YES;
				CLANG_WARN_BLOCK_CAPTURE_AUTORELEASING = YES;
				CLANG_WARN_BOOL_CONVERSION = YES;
				CLANG_WARN_COMMA = YES;
				CLANG_WARN_CONSTANT_CONVERSION = YES;
				CLANG_WARN_DEPRECATED_OBJC_IMPLEMENTATIONS = YES;
				CLANG_WARN_DIRECT_OBJC_ISA_USAGE = YES_ERROR;
				CLANG_WARN_DOCUMENTATION_COMMENTS = YES;
				CLANG_WARN_EMPTY_BODY = YES;
				CLANG_WARN_ENUM_CONVERSION = YES;
				CLANG_WARN_INFINITE_RECURSION = YES;
				CLANG_WARN_INT_CONVERSION = YES;
				CLANG_WARN_NON_LITERAL_NULL_CONVERSION = YES;
				CLANG_WARN_OBJC_IMPLICIT_RETAIN_SELF = YES;
				CLANG_WARN_OBJC_LITERAL_CONVERSION = YES;
				CLANG_WARN_OBJC_ROOT_CLASS = YES_ERROR;
				CLANG_WARN_RANGE_LOOP_ANALYSIS = YES;
				CLANG_WARN_STRICT_PROTOTYPES = YES;
				CLANG_WARN_SUSPICIOUS_MOVE = YES;
				CLANG_WARN_UNGUARDED_AVAILABILITY = YES_AGGRESSIVE;
				CLANG_WARN_UNREACHABLE_CODE = YES;
				CLANG_WARN__DUPLICATE_METHOD_MATCH = YES;
				COPY_PHASE_STRIP = NO;
				DEBUG_INFORMATION_FORMAT = dwarf;
				ENABLE_STRICT_OBJC_MSGSEND = YES;
				ENABLE_TESTABILITY = YES;
				GCC_C_LANGUAGE_STANDARD = gnu11;
				GCC_DYNAMIC_NO_PIC = NO;
				GCC_NO_COMMON_BLOCKS = YES;
				GCC_OPTIMIZATION_LEVEL = 0;
				GCC_PREPROCESSOR_DEFINITIONS = (
					"DEBUG=1",
					"$(inherited)",
				);
				GCC_WARN_64_TO_32_BIT_CONVERSION = YES;
				GCC_WARN_ABOUT_RETURN_TYPE = YES_ERROR;
				GCC_WARN_UNDECLARED_SELECTOR = YES;
				GCC_WARN_UNINITIALIZED_AUTOS = YES_AGGRESSIVE;
				GCC_WARN_UNUSED_FUNCTION = YES;
				GCC_WARN_UNUSED_VARIABLE = YES;
				IPHONEOS_DEPLOYMENT_TARGET = 13.2;
				MTL_ENABLE_DEBUG_INFO = INCLUDE_SOURCE;
				MTL_FAST_MATH = YES;
				ONLY_ACTIVE_ARCH = YES;
				SDKROOT = iphoneos;
				SWIFT_ACTIVE_COMPILATION_CONDITIONS = DEBUG;
				SWIFT_OPTIMIZATION_LEVEL = "-Onone";
			};
			name = Debug;
		};
		EFE31F5B2403E3F4008015F3 /* Release */ = {
			isa = XCBuildConfiguration;
			buildSettings = {
				ALWAYS_SEARCH_USER_PATHS = NO;
				CLANG_ANALYZER_LOCALIZABILITY_NONLOCALIZED = YES;
				CLANG_ANALYZER_NONNULL = YES;
				CLANG_ANALYZER_NUMBER_OBJECT_CONVERSION = YES_AGGRESSIVE;
				CLANG_CXX_LANGUAGE_STANDARD = "gnu++14";
				CLANG_CXX_LIBRARY = "libc++";
				CLANG_ENABLE_MODULES = YES;
				CLANG_ENABLE_OBJC_ARC = YES;
				CLANG_ENABLE_OBJC_WEAK = YES;
				CLANG_WARN_BLOCK_CAPTURE_AUTORELEASING = YES;
				CLANG_WARN_BOOL_CONVERSION = YES;
				CLANG_WARN_COMMA = YES;
				CLANG_WARN_CONSTANT_CONVERSION = YES;
				CLANG_WARN_DEPRECATED_OBJC_IMPLEMENTATIONS = YES;
				CLANG_WARN_DIRECT_OBJC_ISA_USAGE = YES_ERROR;
				CLANG_WARN_DOCUMENTATION_COMMENTS = YES;
				CLANG_WARN_EMPTY_BODY = YES;
				CLANG_WARN_ENUM_CONVERSION = YES;
				CLANG_WARN_INFINITE_RECURSION = YES;
				CLANG_WARN_INT_CONVERSION = YES;
				CLANG_WARN_NON_LITERAL_NULL_CONVERSION = YES;
				CLANG_WARN_OBJC_IMPLICIT_RETAIN_SELF = YES;
				CLANG_WARN_OBJC_LITERAL_CONVERSION = YES;
				CLANG_WARN_OBJC_ROOT_CLASS = YES_ERROR;
				CLANG_WARN_RANGE_LOOP_ANALYSIS = YES;
				CLANG_WARN_STRICT_PROTOTYPES = YES;
				CLANG_WARN_SUSPICIOUS_MOVE = YES;
				CLANG_WARN_UNGUARDED_AVAILABILITY = YES_AGGRESSIVE;
				CLANG_WARN_UNREACHABLE_CODE = YES;
				CLANG_WARN__DUPLICATE_METHOD_MATCH = YES;
				COPY_PHASE_STRIP = NO;
				DEBUG_INFORMATION_FORMAT = "dwarf-with-dsym";
				ENABLE_NS_ASSERTIONS = NO;
				ENABLE_STRICT_OBJC_MSGSEND = YES;
				GCC_C_LANGUAGE_STANDARD = gnu11;
				GCC_NO_COMMON_BLOCKS = YES;
				GCC_WARN_64_TO_32_BIT_CONVERSION = YES;
				GCC_WARN_ABOUT_RETURN_TYPE = YES_ERROR;
				GCC_WARN_UNDECLARED_SELECTOR = YES;
				GCC_WARN_UNINITIALIZED_AUTOS = YES_AGGRESSIVE;
				GCC_WARN_UNUSED_FUNCTION = YES;
				GCC_WARN_UNUSED_VARIABLE = YES;
				IPHONEOS_DEPLOYMENT_TARGET = 13.2;
				MTL_ENABLE_DEBUG_INFO = NO;
				MTL_FAST_MATH = YES;
				SDKROOT = iphoneos;
				SWIFT_COMPILATION_MODE = wholemodule;
				SWIFT_OPTIMIZATION_LEVEL = "-O";
				VALIDATE_PRODUCT = YES;
			};
			name = Release;
		};
		EFE31F5D2403E3F4008015F3 /* Debug */ = {
			isa = XCBuildConfiguration;
			buildSettings = {
				ASSETCATALOG_COMPILER_APPICON_NAME = AppIcon;
				CODE_SIGN_STYLE = Automatic;
				DEVELOPMENT_ASSET_PATHS = "\"DocumentenScanner/Preview Content\"";
				DEVELOPMENT_TEAM = 3M6T8T58SL;
				ENABLE_PREVIEWS = YES;
				INFOPLIST_FILE = DocumentenScanner/Info.plist;
				LD_RUNPATH_SEARCH_PATHS = (
					"$(inherited)",
					"@executable_path/Frameworks",
				);
				PRODUCT_BUNDLE_IDENTIFIER = com.hannessteiner.DocumentenScanner;
				PRODUCT_NAME = "$(TARGET_NAME)";
				SWIFT_VERSION = 5.0;
				TARGETED_DEVICE_FAMILY = "1,2";
			};
			name = Debug;
		};
		EFE31F5E2403E3F4008015F3 /* Release */ = {
			isa = XCBuildConfiguration;
			buildSettings = {
				ASSETCATALOG_COMPILER_APPICON_NAME = AppIcon;
				CODE_SIGN_STYLE = Automatic;
				DEVELOPMENT_ASSET_PATHS = "\"DocumentenScanner/Preview Content\"";
				DEVELOPMENT_TEAM = 3M6T8T58SL;
				ENABLE_PREVIEWS = YES;
				INFOPLIST_FILE = DocumentenScanner/Info.plist;
				LD_RUNPATH_SEARCH_PATHS = (
					"$(inherited)",
					"@executable_path/Frameworks",
				);
				PRODUCT_BUNDLE_IDENTIFIER = com.hannessteiner.DocumentenScanner;
				PRODUCT_NAME = "$(TARGET_NAME)";
				SWIFT_VERSION = 5.0;
				TARGETED_DEVICE_FAMILY = "1,2";
			};
			name = Release;
		};
/* End XCBuildConfiguration section */

/* Begin XCConfigurationList section */
		EFE31F432403E3ED008015F3 /* Build configuration list for PBXProject "DocumentenScanner" */ = {
			isa = XCConfigurationList;
			buildConfigurations = (
				EFE31F5A2403E3F4008015F3 /* Debug */,
				EFE31F5B2403E3F4008015F3 /* Release */,
			);
			defaultConfigurationIsVisible = 0;
			defaultConfigurationName = Release;
		};
		EFE31F5C2403E3F4008015F3 /* Build configuration list for PBXNativeTarget "DocumentenScanner" */ = {
			isa = XCConfigurationList;
			buildConfigurations = (
				EFE31F5D2403E3F4008015F3 /* Debug */,
				EFE31F5E2403E3F4008015F3 /* Release */,
			);
			defaultConfigurationIsVisible = 0;
			defaultConfigurationName = Release;
		};
/* End XCConfigurationList section */
	};
	rootObject = EFE31F402403E3ED008015F3 /* Project object */;
}
